
Microsoft Visual Studio Solution File, Format Version 12.00
# Visual Studio Version 16
VisualStudioVersion = 16.0.31025.218
MinimumVisualStudioVersion = 10.0.40219.1
Project("{9A19103F-16F7-4668-BE54-9A1E7A4F7556}") = "WorkerAcoes", "WorkerAcoes.csproj", "{88FB47BC-8979-4FE5-BE7A-F01CED931BB9}"
EndProject
Global
	GlobalSection(SolutionConfigurationPlatforms) = preSolution
		Debug|Any CPU = Debug|Any CPU
		Release|Any CPU = Release|Any CPU
	EndGlobalSection
	GlobalSection(ProjectConfigurationPlatforms) = postSolution
		{88FB47BC-8979-4FE5-BE7A-F01CED931BB9}.Debug|Any CPU.ActiveCfg = Debug|Any CPU
		{88FB47BC-8979-4FE5-BE7A-F01CED931BB9}.Debug|Any CPU.Build.0 = Debug|Any CPU
		{88FB47BC-8979-4FE5-BE7A-F01CED931BB9}.Release|Any CPU.ActiveCfg = Release|Any CPU
		{88FB47BC-8979-4FE5-BE7A-F01CED931BB9}.Release|Any CPU.Build.0 = Release|Any CPU
	EndGlobalSection
	GlobalSection(SolutionProperties) = preSolution
		HideSolutionNode = FALSE
	EndGlobalSection
	GlobalSection(ExtensibilityGlobals) = postSolution
		SolutionGuid = {84CA95E3-9DF2-423C-823D-0E1B42772CC8}
	EndGlobalSection
EndGlobal
